# THIS IS AN AUTOGENERATED FILE. DO NOT EDIT THIS FILE DIRECTLY.
# yarn lockfile v1


jquery@^3.3.1:
  version "3.3.1"
  resolved "http://registry.npm.taobao.org/jquery/download/jquery-3.3.1.tgz?cache=0&other_urls=http%3A%2F%2Fregistry.npm.taobao.org%2Fjquery%2Fdownload%2Fjquery-3.3.1.tgz#958ce29e81c9790f31be7792df5d4d95fc57fbca"
  integrity sha1-lYzinoHJeQ8xvneS311NlfxX+8o=

should-equal@^2.0.0:
  version "2.0.0"
  resolved "http://registry.npm.taobao.org/should-equal/download/should-equal-2.0.0.tgz#6072cf83047360867e68e98b09d71143d04ee0c3"
  integrity sha1-YHLPgwRzYIZ+aOmLCdcRQ9BO4MM=
  dependencies:
    should-type "^1.4.0"

should-format@^3.0.3:
  version "3.0.3"
  resolved "http://registry.npm.taobao.org/should-format/download/should-format-3.0.3.tgz#9bfc8f74fa39205c53d38c34d717303e277124f1"
  integrity sha1-m/yPdPo5IFxT04w01xcwPidxJPE=
  dependencies:
    should-type "^1.3.0"
    should-type-adaptors "^1.0.1"

should-type-adaptors@^1.0.1:
  version "1.1.0"
  resolved "http://registry.npm.taobao.org/should-type-adaptors/download/should-type-adaptors-1.1.0.tgz#401e7f33b5533033944d5cd8bf2b65027792e27a"
  integrity sha1-QB5/M7VTMDOUTVzYvytlAneS4no=
  dependencies:
    should-type "^1.3.0"
    should-util "^1.0.0"

should-type@^1.3.0, should-type@^1.4.0:
  version "1.4.0"
  resolved "http://registry.npm.taobao.org/should-type/download/should-type-1.4.0.tgz#0756d8ce846dfd09843a6947719dfa0d4cff5cf3"
  integrity sha1-B1bYzoRt/QmEOmlHcZ36DUz/XPM=

should-util@^1.0.0:
  version "1.0.0"
  resolved "http://registry.npm.taobao.org/should-util/download/should-util-1.0.0.tgz#c98cda374aa6b190df8ba87c9889c2b4db620063"
  integrity sha1-yYzaN0qmsZDfi6h8mInCtNtiAGM=

should@^13.2.3:
  version "13.2.3"
  resolved "http://registry.npm.taobao.org/should/download/should-13.2.3.tgz#96d8e5acf3e97b49d89b51feaa5ae8d07ef58f10"
  integrity sha1-ltjlrPPpe0nYm1H+qlro0H71jxA=
  dependencies:
    should-equal "^2.0.0"
    should-format "^3.0.3"
    should-type "^1.4.0"
    should-type-adaptors "^1.0.1"
    should-util "^1.0.0"
